github.com/BurntSushi/toml v0.3.1 h1:WXkYYl6Yr3qBf1K79EBnL4mak0OimBfB0XUf9Vl28OQ=
github.com/BurntSushi/toml v0.3.1/go.mod h1:xHWCNGjB5oqiDr8zfno3MHue2Ht5sIBksp03qcyfWMU=
github.com/davecheney/httpstat v1.0.0 h1:3o8oiYGB4AKsammYvME8tWywgLPTGUl6H75LTsKoO7w=
github.com/davecheney/httpstat v1.0.0/go.mod h1:52l5gKMFknX/lFFUgv22IgZBDohnGoAoNJdtp3iNvyY=
github.com/fatih/color v1.7.0 h1:DkWD4oS2D8LGGgTQ6IvwJJXSL5Vp2ffcQg58nFV38Ys=
github.com/fatih/color v1.7.0/go.mod h1:Zm6kSWBoL9eyXnKyktHP6abPY2pDugNf5KwzbycvMj4=
github.com/jessevdk/go-flags v1.4.0 h1:4IU2WS7AumrZ/40jfhf4QVDMsQwqA7VEHozFRrGARJA=
github.com/jessevdk/go-flags v1.4.0/go.mod h1:4FA24M0QyGHXBuZZK/XkWh8h0e1EYbRYJSGM75WSRxI=
github.com/mattn/go-colorable v0.1.4 h1:snbPLB8fVfU9iwbbo30TPtbLRzwWu6aJS6Xh4eaaviA=
github.com/mattn/go-colorable v0.1.4/go.mod h1:U0ppj6V5qS13XJ6of8GYAs25YV2eR4EVcfRqFIhoBtE=
github.com/mattn/go-isatty v0.0.8/go.mod h1:Iq45c/XA43vh69/j3iqttzPXn0bhXyGjM0Hdxcsrc5s=
github.com/mattn/go-isatty v0.0.10 h1:qxFzApOv4WsAL965uUPIsXzAKCZxN2p9UqdhFS4ZW10=
github.com/mattn/go-isatty v0.0.10/go.mod h1:qgIWMr58cqv1PHHyhnkY9lrL7etaEgOFcMEpPG5Rm84=
github.com/monochromegane/conflag v0.0.0-20151130130520-6d68c9aa4183 h1:qiYr4zwNwHMPoaW4TF+h0ceJz5yKh4M4TSn9oXp8wpk=
github.com/monochromegane/conflag v0.0.0-20151130130520-6d68c9aa4183/go.mod h1:f2UvyfKK/li28p14QMUetMUN5wkePmmqIJjCKS+P5XA=
github.com/monochromegane/go-gitignore v0.0.0-20160105113617-38717d0a108c h1:RRUev95N3Gq4Aog4avFzXJA2V8fgXmND+cvcH7KLMyk=
github.com/monochromegane/go-gitignore v0.0.0-20160105113617-38717d0a108c/go.mod h1:Pm3mSP3c5uWn86xMLZ5Sa7JB9GsEZySvHYXCTK4E9q4=
github.com/monochromegane/go-home v0.0.0-20151024104835-25d9dda59392 h1:i6k/bWUvcuw4Vw1/blRyF8dxN0RzVxaW3HbJTrxxwoc=
github.com/monochromegane/go-home v0.0.0-20151024104835-25d9dda59392/go.mod h1:42nFNO3S4k1xLW0O+npAiSU9mCRArKFq3Pt8sBSllLc=
github.com/monochromegane/terminal v0.0.0-20161222050454-9bc47e2707d9 h1:YhsMshmD0JlqM4ss3JBY6Ul4QLigGvBtShFYHkb3JGg=
github.com/monochromegane/terminal v0.0.0-20161222050454-9bc47e2707d9/go.mod h1:9N3QHEQ4Ov/dAnHmOIJ8ffm8O1iQfCPfso+PpakXPsY=
github.com/monochromegane/the_platinum_searcher v2.2.0+incompatible h1:RTHCwSBWO1IPrc496kom3BZopA02hQldVcTMpX9IrPk=
github.com/monochromegane/the_platinum_searcher v2.2.0+incompatible/go.mod h1:s6t3JAL9EiWWSsg+0e43UUI7rpDGYiGkR+Rq3BvOofo=
github.com/parkghost/gohttpbench v0.0.0-20191003033311-beddfce5cb9d h1:aowbufYohCYE/e8PS+xNJHwfbHrSCttLDf5/0jnyJVs=
github.com/parkghost/gohttpbench v0.0.0-20191003033311-beddfce5cb9d/go.mod h1:wtn5pIemqXmh1lpyXHTS4UavN6EV+TdNm8VdgfBP0dg=
github.com/shiena/ansicolor v0.0.0-20151119151921-a422bbe96644 h1:X+yvsM2yrEktyI+b2qND5gpH8YhURn0k8OCaeRnkINo=
github.com/shiena/ansicolor v0.0.0-20151119151921-a422bbe96644/go.mod h1:nkxAfR/5quYxwPZhyDxgasBMnRtBZd0FCEpawpjMUFg=
golang.org/x/crypto v0.0.0-20190308221718-c2843e01d9a2/go.mod h1:djNgcEr1/C05ACkg1iLfiJU5Ep61QUkGW8qpdssI0+w=
golang.org/x/net v0.0.0-20191021144547-ec77196f6094 h1:5O4U9trLjNpuhpynaDsqwCk+Tw6seqJz1EbqbnzHrc8=
golang.org/x/net v0.0.0-20191021144547-ec77196f6094/go.mod h1:z5CRVTTTmAJ677TzLLGU+0bjPO0LkuOLi4/5GtJWs/s=
golang.org/x/sys v0.0.0-20190215142949-d0b11bdaac8a/go.mod h1:STP8DvDyc/dI5b8T5hshtkjS+E42TnysNCUPdjciGhY=
golang.org/x/sys v0.0.0-20190222072716-a9d3bda3a223/go.mod h1:STP8DvDyc/dI5b8T5hshtkjS+E42TnysNCUPdjciGhY=
golang.org/x/sys v0.0.0-20191008105621-543471e840be h1:QAcqgptGM8IQBC9K/RC4o+O9YmqEm0diQn9QmZw/0mU=
golang.org/x/sys v0.0.0-20191008105621-543471e840be/go.mod h1:h1NjWce9XRLGQEsW7wpKNCjG9DtNlClVuFLEZdDNbEs=
golang.org/x/text v0.3.0 h1:g61tztE5qeGQ89tm6NTjjM9VPIm088od1l6aSorWRWg=
golang.org/x/text v0.3.0/go.mod h1:NqM8EUOU14njkJ3fqMW+pc6Ldnwhi/IjpwHt7yyuwOQ=
gopkg.in/check.v1 v0.0.0-20161208181325-20d25e280405 h1:yhCVgyC4o1eVCa2tZl7eS0r+SDo693bJlVdllGtEeKM=
gopkg.in/check.v1 v0.0.0-20161208181325-20d25e280405/go.mod h1:Co6ibVJAznAaIkqp8huTwlJQCZ016jof/cbN4VW5Yz0=
gopkg.in/yaml.v2 v2.2.4 h1:/eiJrUcujPVeJ3xlSWaiNi3uSVmDGBK1pDHUHAnao1I=
gopkg.in/yaml.v2 v2.2.4/go.mod h1:hI93XBmqTisBFMUTm0b8Fm+jr3Dg1NNxqwp+5A1VGuI=
